
Microsoft Visual Studio Solution File, Format Version 12.00
# Visual Studio 15
VisualStudioVersion = 15.0.27130.2010
MinimumVisualStudioVersion = 10.0.40219.1
Project("{FAE04EC0-301F-11D3-BF4B-00C04F79EFBC}") = "ontWifiTest", "ontWifiTest\ontWifiTest.csproj", "{7FB6FC20-7AE8-404C-9F0D-B47B48CB2BAF}"
EndProject
Project("{FAE04EC0-301F-11D3-BF4B-00C04F79EFBC}") = "WIFI", "WIFI\WIFI.csproj", "{9E1338A3-AE22-4973-BC66-B0072EBF6BC4}"
EndProject
Project("{FAE04EC0-301F-11D3-BF4B-00C04F79EFBC}") = "TESTER", "TESTER\TESTER.csproj", "{6C979CCA-DD73-4855-8823-4BF05772A220}"
EndProject
Project("{FAE04EC0-301F-11D3-BF4B-00C04F79EFBC}") = "DUT", "DUT\DUT.csproj", "{4217BC0C-B7D3-4B05-B2AA-1891AC83C945}"
EndProject
Project("{FAE04EC0-301F-11D3-BF4B-00C04F79EFBC}") = "LoadSaveFile", "LoadSaveFile\LoadSaveFile.csproj", "{272614DD-0E12-47D0-8A7F-2EE15CDE2B4C}"
EndProject
Global
	GlobalSection(SolutionConfigurationPlatforms) = preSolution
		Debug|Any CPU = Debug|Any CPU
		Release|Any CPU = Release|Any CPU
	EndGlobalSection
	GlobalSection(ProjectConfigurationPlatforms) = postSolution
		{7FB6FC20-7AE8-404C-9F0D-B47B48CB2BAF}.Debug|Any CPU.ActiveCfg = Debug|Any CPU
		{7FB6FC20-7AE8-404C-9F0D-B47B48CB2BAF}.Debug|Any CPU.Build.0 = Debug|Any CPU
		{7FB6FC20-7AE8-404C-9F0D-B47B48CB2BAF}.Release|Any CPU.ActiveCfg = Release|Any CPU
		{7FB6FC20-7AE8-404C-9F0D-B47B48CB2BAF}.Release|Any CPU.Build.0 = Release|Any CPU
		{9E1338A3-AE22-4973-BC66-B0072EBF6BC4}.Debug|Any CPU.ActiveCfg = Debug|Any CPU
		{9E1338A3-AE22-4973-BC66-B0072EBF6BC4}.Debug|Any CPU.Build.0 = Debug|Any CPU
		{9E1338A3-AE22-4973-BC66-B0072EBF6BC4}.Release|Any CPU.ActiveCfg = Release|Any CPU
		{9E1338A3-AE22-4973-BC66-B0072EBF6BC4}.Release|Any CPU.Build.0 = Release|Any CPU
		{6C979CCA-DD73-4855-8823-4BF05772A220}.Debug|Any CPU.ActiveCfg = Debug|Any CPU
		{6C979CCA-DD73-4855-8823-4BF05772A220}.Debug|Any CPU.Build.0 = Debug|Any CPU
		{6C979CCA-DD73-4855-8823-4BF05772A220}.Release|Any CPU.ActiveCfg = Release|Any CPU
		{6C979CCA-DD73-4855-8823-4BF05772A220}.Release|Any CPU.Build.0 = Release|Any CPU
		{4217BC0C-B7D3-4B05-B2AA-1891AC83C945}.Debug|Any CPU.ActiveCfg = Debug|Any CPU
		{4217BC0C-B7D3-4B05-B2AA-1891AC83C945}.Debug|Any CPU.Build.0 = Debug|Any CPU
		{4217BC0C-B7D3-4B05-B2AA-1891AC83C945}.Release|Any CPU.ActiveCfg = Release|Any CPU
		{4217BC0C-B7D3-4B05-B2AA-1891AC83C945}.Release|Any CPU.Build.0 = Release|Any CPU
		{272614DD-0E12-47D0-8A7F-2EE15CDE2B4C}.Debug|Any CPU.ActiveCfg = Debug|Any CPU
		{272614DD-0E12-47D0-8A7F-2EE15CDE2B4C}.Debug|Any CPU.Build.0 = Debug|Any CPU
		{272614DD-0E12-47D0-8A7F-2EE15CDE2B4C}.Release|Any CPU.ActiveCfg = Release|Any CPU
		{272614DD-0E12-47D0-8A7F-2EE15CDE2B4C}.Release|Any CPU.Build.0 = Release|Any CPU
	EndGlobalSection
	GlobalSection(SolutionProperties) = preSolution
		HideSolutionNode = FALSE
	EndGlobalSection
	GlobalSection(ExtensibilityGlobals) = postSolution
		SolutionGuid = {877B40E7-DF3C-495F-BE85-21B08ADFFCEB}
	EndGlobalSection
EndGlobal
